
Microsoft Visual Studio Solution File, Format Version 12.00
# Visual Studio Version 17
VisualStudioVersion = 17.9.34728.123
MinimumVisualStudioVersion = 10.0.40219.1
Project("{FAE04EC0-301F-11D3-BF4B-00C04F79EFBC}") = "StorageClientApp", "StorageClientApp\StorageClientApp.csproj", "{9C0CEC21-6CFA-4803-A863-CEA33C44BA2F}"
EndProject
Project("{FAE04EC0-301F-11D3-BF4B-00C04F79EFBC}") = "StorageDBO", "StorageDBO\StorageDBO.csproj", "{F767D5E9-D67C-4C7E-91A1-5D68AF363E19}"
EndProject
Project("{FAE04EC0-301F-11D3-BF4B-00C04F79EFBC}") = "StorageUserClientElementsLib", "StorageUserClientElementsLib\StorageUserClientElementsLib.csproj", "{797CE0B6-72BB-46F1-A7F7-1D0914300CD3}"
EndProject
Global
	GlobalSection(SolutionConfigurationPlatforms) = preSolution
		Debug|Any CPU = Debug|Any CPU
		Release|Any CPU = Release|Any CPU
	EndGlobalSection
	GlobalSection(ProjectConfigurationPlatforms) = postSolution
		{9C0CEC21-6CFA-4803-A863-CEA33C44BA2F}.Debug|Any CPU.ActiveCfg = Debug|Any CPU
		{9C0CEC21-6CFA-4803-A863-CEA33C44BA2F}.Debug|Any CPU.Build.0 = Debug|Any CPU
		{9C0CEC21-6CFA-4803-A863-CEA33C44BA2F}.Release|Any CPU.ActiveCfg = Release|Any CPU
		{9C0CEC21-6CFA-4803-A863-CEA33C44BA2F}.Release|Any CPU.Build.0 = Release|Any CPU
		{F767D5E9-D67C-4C7E-91A1-5D68AF363E19}.Debug|Any CPU.ActiveCfg = Debug|Any CPU
		{F767D5E9-D67C-4C7E-91A1-5D68AF363E19}.Debug|Any CPU.Build.0 = Debug|Any CPU
		{F767D5E9-D67C-4C7E-91A1-5D68AF363E19}.Release|Any CPU.ActiveCfg = Release|Any CPU
		{F767D5E9-D67C-4C7E-91A1-5D68AF363E19}.Release|Any CPU.Build.0 = Release|Any CPU
		{797CE0B6-72BB-46F1-A7F7-1D0914300CD3}.Debug|Any CPU.ActiveCfg = Debug|Any CPU
		{797CE0B6-72BB-46F1-A7F7-1D0914300CD3}.Debug|Any CPU.Build.0 = Debug|Any CPU
		{797CE0B6-72BB-46F1-A7F7-1D0914300CD3}.Release|Any CPU.ActiveCfg = Release|Any CPU
		{797CE0B6-72BB-46F1-A7F7-1D0914300CD3}.Release|Any CPU.Build.0 = Release|Any CPU
	EndGlobalSection
	GlobalSection(SolutionProperties) = preSolution
		HideSolutionNode = FALSE
	EndGlobalSection
	GlobalSection(ExtensibilityGlobals) = postSolution
		SolutionGuid = {D282560B-D5FA-4C96-8A4F-560C35F1966A}
	EndGlobalSection
EndGlobal
